# This file is automatically @generated by Cargo.
# It is not intended for manual editing.
version = 3

[[package]]
name = "ducks"
version = "0.1.0"
dependencies = [
 "human_bytes",
]

[[package]]
name = "human_bytes"
version = "0.4.1"
source = "registry+https://github.com/rust-lang/crates.io-index"
checksum = "39b528196c838e8b3da8b665e08c30958a6f2ede91d79f2ffcd0d4664b9c64eb"
